{
  "name": "timedjs",
  "version": "1.0.4",
  "lockfileVersion": 3,
  "requires": true,
  "packages": {
    "": {
      "name": "timedjs",
      "version": "1.0.4",
      "license": "MIT",
      "dependencies": {
        "timedjs": "^1.0.3"
      }
    },
    "node_modules/timedjs": {
      "version": "1.0.3",
      "resolved": "https://registry.npmjs.org/timedjs/-/timedjs-1.0.3.tgz",
      "integrity": "sha512-ovXvTp/VPRQ8Ndzoak/AeA/ztQGvf4Qdk563FjqMzDiLBZ5GjuFlwFEDMoQJcFZDLaO/af1qv0LDNSxDvYyGOg==",
      "dependencies": {
        "timedjs": "^1.0.2"
      }
    }
  }
}
