{
  "name": "timedjs",
  "version": "1.0.6",
  "lockfileVersion": 3,
  "requires": true,
  "packages": {
    "": {
      "name": "timedjs",
      "version": "1.0.6",
      "license": "MIT",
      "dependencies": {
        "timedjs": "^1.0.5"
      }
    },
    "node_modules/timedjs": {
      "version": "1.0.5",
      "resolved": "https://registry.npmjs.org/timedjs/-/timedjs-1.0.5.tgz",
      "integrity": "sha512-r98dWfhmUJy/D0IrVrsh4m1L3wqQSkk5jd5bPb4Fq8q/WpfSggmvXPvpJXe0GOmi+hfiWuBms2xzoJFi00I2Pg==",
      "dependencies": {
        "timedjs": "^1.0.4"
      }
    }
  }
}
